<?xml version="1.0" encoding="UTF-8"?>
<Scheme
   LastUpgradeVersion = "1500"
   version = "1.7">
   <BuildAction
      parallelizeBuildables = "YES"
      buildImplicitDependencies = "YES">
      <BuildActionEntries>
         <BuildActionEntry
            buildForTesting = "YES"
            buildForRunning = "YES"
            buildForProfiling = "YES"
            buildForArchiving = "YES"
            buildForAnalyzing = "YES">
            <BuildableReference
               BuildableIdentifier = "primary"
               BlueprintIdentifier = "888775732B0D6E210018EB50"
               BuildableName = "Reto_Tenico_Jose_Quispe_R.app"
               BlueprintName = "Reto_Tenico_Jose_Quispe_R"
               ReferencedContainer = "container:Reto_Tenico_Jose_Quispe_R.xcodeproj">
            </BuildableReference>
         </BuildActionEntry>
      </BuildActionEntries>
   </BuildAction>
   <TestAction
      buildConfiguration = "Debug"
      selectedDebuggerIdentifier = "Xcode.DebuggerFoundation.Debugger.LLDB"
      selectedLauncherIdentifier = "Xcode.DebuggerFoundation.Launcher.LLDB"
      shouldUseLaunchSchemeArgsEnv = "YES"
      shouldAutocreateTestPlan = "YES">
      <Testables>
         <TestableReference
            skipped = "NO"
            parallelizable = "YES">
            <BuildableReference
               BuildableIdentifier = "primary"
               BlueprintIdentifier = "888775892B0D6E220018EB50"
               BuildableName = "Reto_Tenico_Jose_Quispe_RTests.xctest"
               BlueprintName = "Reto_Tenico_Jose_Quispe_RTests"
               ReferencedContainer = "container:Reto_Tenico_Jose_Quispe_R.xcodeproj">
            </BuildableReference>
         </TestableReference>
         <TestableReference
            skipped = "NO"
            parallelizable = "YES">
            <BuildableReference
               BuildableIdentifier = "primary"
               BlueprintIdentifier = "888775932B0D6E220018EB50"
               BuildableName = "Reto_Tenico_Jose_Quispe_RUITests.xctest"
               BlueprintName = "Reto_Tenico_Jose_Quispe_RUITests"
               ReferencedContainer = "container:Reto_Tenico_Jose_Quispe_R.xcodeproj">
            </BuildableReference>
         </TestableReference>
      </Testables>
   </TestAction>
   <LaunchAction
      buildConfiguration = "Debug"
      selectedDebuggerIdentifier = "Xcode.DebuggerFoundation.Debugger.LLDB"
      selectedLauncherIdentifier = "Xcode.DebuggerFoundation.Launcher.LLDB"
      launchStyle = "0"
      useCustomWorkingDirectory = "NO"
      ignoresPersistentStateOnLaunch = "NO"
      debugDocumentVersioning = "YES"
      debugServiceExtension = "internal"
      allowLocationSimulation = "YES">
      <BuildableProductRunnable
         runnableDebuggingMode = "0">
         <BuildableReference
            BuildableIdentifier = "primary"
            BlueprintIdentifier = "888775732B0D6E210018EB50"
            BuildableName = "Reto_Tenico_Jose_Quispe_R.app"
            BlueprintName = "Reto_Tenico_Jose_Quispe_R"
            ReferencedContainer = "container:Reto_Tenico_Jose_Quispe_R.xcodeproj">
         </BuildableReference>
      </BuildableProductRunnable>
   </LaunchAction>
   <ProfileAction
      buildConfiguration = "Release"
      shouldUseLaunchSchemeArgsEnv = "YES"
      savedToolIdentifier = ""
      useCustomWorkingDirectory = "NO"
      debugDocumentVersioning = "YES">
      <BuildableProductRunnable
         runnableDebuggingMode = "0">
         <BuildableReference
            BuildableIdentifier = "primary"
            BlueprintIdentifier = "888775732B0D6E210018EB50"
            BuildableName = "Reto_Tenico_Jose_Quispe_R.app"
            BlueprintName = "Reto_Tenico_Jose_Quispe_R"
            ReferencedContainer = "container:Reto_Tenico_Jose_Quispe_R.xcodeproj">
         </BuildableReference>
      </BuildableProductRunnable>
   </ProfileAction>
   <AnalyzeAction
      buildConfiguration = "Debug">
   </AnalyzeAction>
   <ArchiveAction
      buildConfiguration = "Release"
      revealArchiveInOrganizer = "YES">
   </ArchiveAction>
</Scheme>
