// !$*UTF8*$!
{
	archiveVersion = 1;
	classes = {
	};
	objectVersion = 55;
	objects = {

/* Begin PBXBuildFile section */
		458741EEA8585B85E554A0C2 /* Pods_Reto_Tenico_Jose_Quispe_R.framework in Frameworks */ = {isa = PBXBuildFile; fileRef = 4B5F4E8865AEF6BEF0697CDA /* Pods_Reto_Tenico_Jose_Quispe_R.framework */; };
		888775782B0D6E210018EB50 /* AppDelegate.swift in Sources */ = {isa = PBXBuildFile; fileRef = 888775772B0D6E210018EB50 /* AppDelegate.swift */; };
		8887757A2B0D6E210018EB50 /* SceneDelegate.swift in Sources */ = {isa = PBXBuildFile; fileRef = 888775792B0D6E210018EB50 /* SceneDelegate.swift */; };
		888775812B0D6E220018EB50 /* Assets.xcassets in Resources */ = {isa = PBXBuildFile; fileRef = 888775802B0D6E220018EB50 /* Assets.xcassets */; };
		888775842B0D6E220018EB50 /* LaunchScreen.storyboard in Resources */ = {isa = PBXBuildFile; fileRef = 888775822B0D6E220018EB50 /* LaunchScreen.storyboard */; };
		888775992B0D6E220018EB50 /* Reto_Tenico_Jose_Quispe_RUITests.swift in Sources */ = {isa = PBXBuildFile; fileRef = 888775982B0D6E220018EB50 /* Reto_Tenico_Jose_Quispe_RUITests.swift */; };
		8887759B2B0D6E220018EB50 /* Reto_Tenico_Jose_Quispe_RUITestsLaunchTests.swift in Sources */ = {isa = PBXBuildFile; fileRef = 8887759A2B0D6E220018EB50 /* Reto_Tenico_Jose_Quispe_RUITestsLaunchTests.swift */; };
		888775AB2B0D72DD0018EB50 /* HomeScreenViewController.swift in Sources */ = {isa = PBXBuildFile; fileRef = 888775AA2B0D72DD0018EB50 /* HomeScreenViewController.swift */; };
		888775AD2B0D72E50018EB50 /* HomeScreenPresenter.swift in Sources */ = {isa = PBXBuildFile; fileRef = 888775AC2B0D72E50018EB50 /* HomeScreenPresenter.swift */; };
		888775AF2B0D72EF0018EB50 /* HomeScreenRouter.swift in Sources */ = {isa = PBXBuildFile; fileRef = 888775AE2B0D72EF0018EB50 /* HomeScreenRouter.swift */; };
		888775B12B0D72F70018EB50 /* HomeScreenProtocols.swift in Sources */ = {isa = PBXBuildFile; fileRef = 888775B02B0D72F70018EB50 /* HomeScreenProtocols.swift */; };
		888775B32B0D73010018EB50 /* HomeScreenInteractor.swift in Sources */ = {isa = PBXBuildFile; fileRef = 888775B22B0D73010018EB50 /* HomeScreenInteractor.swift */; };
		888775BA2B0D73FF0018EB50 /* Endpoint.swift in Sources */ = {isa = PBXBuildFile; fileRef = 888775B62B0D73FF0018EB50 /* Endpoint.swift */; };
		888775BB2B0D73FF0018EB50 /* MovieNetwork.swift in Sources */ = {isa = PBXBuildFile; fileRef = 888775B72B0D73FF0018EB50 /* MovieNetwork.swift */; };
		888775BC2B0D73FF0018EB50 /* WebService.swift in Sources */ = {isa = PBXBuildFile; fileRef = 888775B82B0D73FF0018EB50 /* WebService.swift */; };
		888775BD2B0D73FF0018EB50 /* ServiceProtocols.swift in Sources */ = {isa = PBXBuildFile; fileRef = 888775B92B0D73FF0018EB50 /* ServiceProtocols.swift */; };
		888775C02B0D741E0018EB50 /* NavigationFactory.swift in Sources */ = {isa = PBXBuildFile; fileRef = 888775BF2B0D741E0018EB50 /* NavigationFactory.swift */; };
		888775C72B0D74560018EB50 /* Constants.swift in Sources */ = {isa = PBXBuildFile; fileRef = 888775C62B0D74560018EB50 /* Constants.swift */; };
		888775CA2B0D74690018EB50 /* RoundedButton.swift in Sources */ = {isa = PBXBuildFile; fileRef = 888775C92B0D74690018EB50 /* RoundedButton.swift */; };
		888775CE2B0D748D0018EB50 /* Toast.swift in Sources */ = {isa = PBXBuildFile; fileRef = 888775CD2B0D748D0018EB50 /* Toast.swift */; };
		888775D02B0D75090018EB50 /* ActivityIndicator.swift in Sources */ = {isa = PBXBuildFile; fileRef = 888775CF2B0D75090018EB50 /* ActivityIndicator.swift */; };
		888775D22B0D7D270018EB50 /* Model.swift in Sources */ = {isa = PBXBuildFile; fileRef = 888775D12B0D7D260018EB50 /* Model.swift */; };
		888775D52B0D7F710018EB50 /* UserListTest.swift in Sources */ = {isa = PBXBuildFile; fileRef = 888775D42B0D7F710018EB50 /* UserListTest.swift */; };
		888775D72B0E6A470018EB50 /* HomeScreenViewController+View.swift in Sources */ = {isa = PBXBuildFile; fileRef = 888775D62B0E6A470018EB50 /* HomeScreenViewController+View.swift */; };
		888775DA2B0E6A930018EB50 /* Utils.swift in Sources */ = {isa = PBXBuildFile; fileRef = 888775D92B0E6A930018EB50 /* Utils.swift */; };
		888775E22B0E6D400018EB50 /* HomeTableViewCell.swift in Sources */ = {isa = PBXBuildFile; fileRef = 888775E02B0E6D400018EB50 /* HomeTableViewCell.swift */; };
		888775E62B0E70CE0018EB50 /* UIView.swift in Sources */ = {isa = PBXBuildFile; fileRef = 888775E52B0E70CE0018EB50 /* UIView.swift */; };
		888775E82B0E9BC70018EB50 /* TableCell.swift in Sources */ = {isa = PBXBuildFile; fileRef = 888775E72B0E9BC70018EB50 /* TableCell.swift */; };
		888775EA2B0E9F270018EB50 /* HomeScreemDelegate+Datasource.swift in Sources */ = {isa = PBXBuildFile; fileRef = 888775E92B0E9F270018EB50 /* HomeScreemDelegate+Datasource.swift */; };
		888775EC2B0EA5450018EB50 /* Color.swift in Sources */ = {isa = PBXBuildFile; fileRef = 888775EB2B0EA5450018EB50 /* Color.swift */; };
		888776002B0EB4A30018EB50 /* DetailRouter.swift in Sources */ = {isa = PBXBuildFile; fileRef = 888775F92B0EB4A30018EB50 /* DetailRouter.swift */; };
		888776012B0EB4A30018EB50 /* DetailProtocol.swift in Sources */ = {isa = PBXBuildFile; fileRef = 888775FA2B0EB4A30018EB50 /* DetailProtocol.swift */; };
		888776022B0EB4A30018EB50 /* DetailPresenter.swift in Sources */ = {isa = PBXBuildFile; fileRef = 888775FB2B0EB4A30018EB50 /* DetailPresenter.swift */; };
		888776032B0EB4A30018EB50 /* DetailViewController.xib in Resources */ = {isa = PBXBuildFile; fileRef = 888775FC2B0EB4A30018EB50 /* DetailViewController.xib */; };
		888776042B0EB4A30018EB50 /* DetailViewController.swift in Sources */ = {isa = PBXBuildFile; fileRef = 888775FD2B0EB4A30018EB50 /* DetailViewController.swift */; };
		888776062B0EB4A30018EB50 /* DetailInteractor.swift in Sources */ = {isa = PBXBuildFile; fileRef = 888775FF2B0EB4A30018EB50 /* DetailInteractor.swift */; };
		8887760C2B0EBC470018EB50 /* MapInteractor.swift in Sources */ = {isa = PBXBuildFile; fileRef = 8887760B2B0EBC470018EB50 /* MapInteractor.swift */; };
		8887760E2B0EBC4F0018EB50 /* MapPresenter.swift in Sources */ = {isa = PBXBuildFile; fileRef = 8887760D2B0EBC4F0018EB50 /* MapPresenter.swift */; };
		888776102B0EBC570018EB50 /* MapRouter.swift in Sources */ = {isa = PBXBuildFile; fileRef = 8887760F2B0EBC570018EB50 /* MapRouter.swift */; };
		888776122B0EBC600018EB50 /* MapProtocols.swift in Sources */ = {isa = PBXBuildFile; fileRef = 888776112B0EBC600018EB50 /* MapProtocols.swift */; };
		888776152B0EBD1D0018EB50 /* MapViewController.swift in Sources */ = {isa = PBXBuildFile; fileRef = 888776132B0EBD1D0018EB50 /* MapViewController.swift */; };
		888776162B0EBD1D0018EB50 /* MapViewController.xib in Resources */ = {isa = PBXBuildFile; fileRef = 888776142B0EBD1D0018EB50 /* MapViewController.xib */; };
/* End PBXBuildFile section */

/* Begin PBXContainerItemProxy section */
		8887758B2B0D6E220018EB50 /* PBXContainerItemProxy */ = {
			isa = PBXContainerItemProxy;
			containerPortal = 8887756C2B0D6E200018EB50 /* Project object */;
			proxyType = 1;
			remoteGlobalIDString = 888775732B0D6E210018EB50;
			remoteInfo = Reto_Tenico_Jose_Quispe_R;
		};
		888775952B0D6E220018EB50 /* PBXContainerItemProxy */ = {
			isa = PBXContainerItemProxy;
			containerPortal = 8887756C2B0D6E200018EB50 /* Project object */;
			proxyType = 1;
			remoteGlobalIDString = 888775732B0D6E210018EB50;
			remoteInfo = Reto_Tenico_Jose_Quispe_R;
		};
/* End PBXContainerItemProxy section */

/* Begin PBXFileReference section */
		12B9FA07C031DD769BB9A7C5 /* Pods-Reto_Tenico_Jose_Quispe_R.debug.xcconfig */ = {isa = PBXFileReference; includeInIndex = 1; lastKnownFileType = text.xcconfig; name = "Pods-Reto_Tenico_Jose_Quispe_R.debug.xcconfig"; path = "Target Support Files/Pods-Reto_Tenico_Jose_Quispe_R/Pods-Reto_Tenico_Jose_Quispe_R.debug.xcconfig"; sourceTree = "<group>"; };
		4B5F4E8865AEF6BEF0697CDA /* Pods_Reto_Tenico_Jose_Quispe_R.framework */ = {isa = PBXFileReference; explicitFileType = wrapper.framework; includeInIndex = 0; path = Pods_Reto_Tenico_Jose_Quispe_R.framework; sourceTree = BUILT_PRODUCTS_DIR; };
		85CD6D4057C6729BB8EF0470 /* Pods-Reto_Tenico_Jose_Quispe_R.release.xcconfig */ = {isa = PBXFileReference; includeInIndex = 1; lastKnownFileType = text.xcconfig; name = "Pods-Reto_Tenico_Jose_Quispe_R.release.xcconfig"; path = "Target Support Files/Pods-Reto_Tenico_Jose_Quispe_R/Pods-Reto_Tenico_Jose_Quispe_R.release.xcconfig"; sourceTree = "<group>"; };
		888775742B0D6E210018EB50 /* Reto_Tenico_Jose_Quispe_R.app */ = {isa = PBXFileReference; explicitFileType = wrapper.application; includeInIndex = 0; path = Reto_Tenico_Jose_Quispe_R.app; sourceTree = BUILT_PRODUCTS_DIR; };
		888775772B0D6E210018EB50 /* AppDelegate.swift */ = {isa = PBXFileReference; lastKnownFileType = sourcecode.swift; path = AppDelegate.swift; sourceTree = "<group>"; };
		888775792B0D6E210018EB50 /* SceneDelegate.swift */ = {isa = PBXFileReference; lastKnownFileType = sourcecode.swift; path = SceneDelegate.swift; sourceTree = "<group>"; };
		888775802B0D6E220018EB50 /* Assets.xcassets */ = {isa = PBXFileReference; lastKnownFileType = folder.assetcatalog; path = Assets.xcassets; sourceTree = "<group>"; };
		888775832B0D6E220018EB50 /* Base */ = {isa = PBXFileReference; lastKnownFileType = file.storyboard; name = Base; path = Base.lproj/LaunchScreen.storyboard; sourceTree = "<group>"; };
		888775852B0D6E220018EB50 /* Info.plist */ = {isa = PBXFileReference; lastKnownFileType = text.plist.xml; path = Info.plist; sourceTree = "<group>"; };
		8887758A2B0D6E220018EB50 /* Reto_Tenico_Jose_Quispe_RTests.xctest */ = {isa = PBXFileReference; explicitFileType = wrapper.cfbundle; includeInIndex = 0; path = Reto_Tenico_Jose_Quispe_RTests.xctest; sourceTree = BUILT_PRODUCTS_DIR; };
		888775942B0D6E220018EB50 /* Reto_Tenico_Jose_Quispe_RUITests.xctest */ = {isa = PBXFileReference; explicitFileType = wrapper.cfbundle; includeInIndex = 0; path = Reto_Tenico_Jose_Quispe_RUITests.xctest; sourceTree = BUILT_PRODUCTS_DIR; };
		888775982B0D6E220018EB50 /* Reto_Tenico_Jose_Quispe_RUITests.swift */ = {isa = PBXFileReference; lastKnownFileType = sourcecode.swift; path = Reto_Tenico_Jose_Quispe_RUITests.swift; sourceTree = "<group>"; };
		8887759A2B0D6E220018EB50 /* Reto_Tenico_Jose_Quispe_RUITestsLaunchTests.swift */ = {isa = PBXFileReference; lastKnownFileType = sourcecode.swift; path = Reto_Tenico_Jose_Quispe_RUITestsLaunchTests.swift; sourceTree = "<group>"; };
		888775AA2B0D72DD0018EB50 /* HomeScreenViewController.swift */ = {isa = PBXFileReference; lastKnownFileType = sourcecode.swift; path = HomeScreenViewController.swift; sourceTree = "<group>"; };
		888775AC2B0D72E50018EB50 /* HomeScreenPresenter.swift */ = {isa = PBXFileReference; lastKnownFileType = sourcecode.swift; path = HomeScreenPresenter.swift; sourceTree = "<group>"; };
		888775AE2B0D72EF0018EB50 /* HomeScreenRouter.swift */ = {isa = PBXFileReference; lastKnownFileType = sourcecode.swift; path = HomeScreenRouter.swift; sourceTree = "<group>"; };
		888775B02B0D72F70018EB50 /* HomeScreenProtocols.swift */ = {isa = PBXFileReference; lastKnownFileType = sourcecode.swift; path = HomeScreenProtocols.swift; sourceTree = "<group>"; };
		888775B22B0D73010018EB50 /* HomeScreenInteractor.swift */ = {isa = PBXFileReference; lastKnownFileType = sourcecode.swift; path = HomeScreenInteractor.swift; sourceTree = "<group>"; };
		888775B62B0D73FF0018EB50 /* Endpoint.swift */ = {isa = PBXFileReference; fileEncoding = 4; lastKnownFileType = sourcecode.swift; path = Endpoint.swift; sourceTree = "<group>"; };
		888775B72B0D73FF0018EB50 /* MovieNetwork.swift */ = {isa = PBXFileReference; fileEncoding = 4; lastKnownFileType = sourcecode.swift; path = MovieNetwork.swift; sourceTree = "<group>"; };
		888775B82B0D73FF0018EB50 /* WebService.swift */ = {isa = PBXFileReference; fileEncoding = 4; lastKnownFileType = sourcecode.swift; path = WebService.swift; sourceTree = "<group>"; };
		888775B92B0D73FF0018EB50 /* ServiceProtocols.swift */ = {isa = PBXFileReference; fileEncoding = 4; lastKnownFileType = sourcecode.swift; path = ServiceProtocols.swift; sourceTree = "<group>"; };
		888775BF2B0D741E0018EB50 /* NavigationFactory.swift */ = {isa = PBXFileReference; fileEncoding = 4; lastKnownFileType = sourcecode.swift; path = NavigationFactory.swift; sourceTree = "<group>"; };
		888775C62B0D74560018EB50 /* Constants.swift */ = {isa = PBXFileReference; fileEncoding = 4; lastKnownFileType = sourcecode.swift; path = Constants.swift; sourceTree = "<group>"; };
		888775C92B0D74690018EB50 /* RoundedButton.swift */ = {isa = PBXFileReference; fileEncoding = 4; lastKnownFileType = sourcecode.swift; path = RoundedButton.swift; sourceTree = "<group>"; };
		888775CD2B0D748D0018EB50 /* Toast.swift */ = {isa = PBXFileReference; fileEncoding = 4; lastKnownFileType = sourcecode.swift; path = Toast.swift; sourceTree = "<group>"; };
		888775CF2B0D75090018EB50 /* ActivityIndicator.swift */ = {isa = PBXFileReference; fileEncoding = 4; lastKnownFileType = sourcecode.swift; path = ActivityIndicator.swift; sourceTree = "<group>"; };
		888775D12B0D7D260018EB50 /* Model.swift */ = {isa = PBXFileReference; fileEncoding = 4; lastKnownFileType = sourcecode.swift; path = Model.swift; sourceTree = "<group>"; };
		888775D42B0D7F710018EB50 /* UserListTest.swift */ = {isa = PBXFileReference; lastKnownFileType = sourcecode.swift; path = UserListTest.swift; sourceTree = "<group>"; };
		888775D62B0E6A470018EB50 /* HomeScreenViewController+View.swift */ = {isa = PBXFileReference; lastKnownFileType = sourcecode.swift; path = "HomeScreenViewController+View.swift"; sourceTree = "<group>"; };
		888775D92B0E6A930018EB50 /* Utils.swift */ = {isa = PBXFileReference; lastKnownFileType = sourcecode.swift; path = Utils.swift; sourceTree = "<group>"; };
		888775E02B0E6D400018EB50 /* HomeTableViewCell.swift */ = {isa = PBXFileReference; lastKnownFileType = sourcecode.swift; path = HomeTableViewCell.swift; sourceTree = "<group>"; };
		888775E52B0E70CE0018EB50 /* UIView.swift */ = {isa = PBXFileReference; lastKnownFileType = sourcecode.swift; path = UIView.swift; sourceTree = "<group>"; };
		888775E72B0E9BC70018EB50 /* TableCell.swift */ = {isa = PBXFileReference; lastKnownFileType = sourcecode.swift; path = TableCell.swift; sourceTree = "<group>"; };
		888775E92B0E9F270018EB50 /* HomeScreemDelegate+Datasource.swift */ = {isa = PBXFileReference; lastKnownFileType = sourcecode.swift; path = "HomeScreemDelegate+Datasource.swift"; sourceTree = "<group>"; };
		888775EB2B0EA5450018EB50 /* Color.swift */ = {isa = PBXFileReference; lastKnownFileType = sourcecode.swift; path = Color.swift; sourceTree = "<group>"; };
		888775F92B0EB4A30018EB50 /* DetailRouter.swift */ = {isa = PBXFileReference; fileEncoding = 4; lastKnownFileType = sourcecode.swift; path = DetailRouter.swift; sourceTree = "<group>"; };
		888775FA2B0EB4A30018EB50 /* DetailProtocol.swift */ = {isa = PBXFileReference; fileEncoding = 4; lastKnownFileType = sourcecode.swift; path = DetailProtocol.swift; sourceTree = "<group>"; };
		888775FB2B0EB4A30018EB50 /* DetailPresenter.swift */ = {isa = PBXFileReference; fileEncoding = 4; lastKnownFileType = sourcecode.swift; path = DetailPresenter.swift; sourceTree = "<group>"; };
		888775FC2B0EB4A30018EB50 /* DetailViewController.xib */ = {isa = PBXFileReference; fileEncoding = 4; lastKnownFileType = file.xib; path = DetailViewController.xib; sourceTree = "<group>"; };
		888775FD2B0EB4A30018EB50 /* DetailViewController.swift */ = {isa = PBXFileReference; fileEncoding = 4; lastKnownFileType = sourcecode.swift; path = DetailViewController.swift; sourceTree = "<group>"; };
		888775FF2B0EB4A30018EB50 /* DetailInteractor.swift */ = {isa = PBXFileReference; fileEncoding = 4; lastKnownFileType = sourcecode.swift; path = DetailInteractor.swift; sourceTree = "<group>"; };
		8887760B2B0EBC470018EB50 /* MapInteractor.swift */ = {isa = PBXFileReference; lastKnownFileType = sourcecode.swift; path = MapInteractor.swift; sourceTree = "<group>"; };
		8887760D2B0EBC4F0018EB50 /* MapPresenter.swift */ = {isa = PBXFileReference; lastKnownFileType = sourcecode.swift; path = MapPresenter.swift; sourceTree = "<group>"; };
		8887760F2B0EBC570018EB50 /* MapRouter.swift */ = {isa = PBXFileReference; lastKnownFileType = sourcecode.swift; path = MapRouter.swift; sourceTree = "<group>"; };
		888776112B0EBC600018EB50 /* MapProtocols.swift */ = {isa = PBXFileReference; lastKnownFileType = sourcecode.swift; path = MapProtocols.swift; sourceTree = "<group>"; };
		888776132B0EBD1D0018EB50 /* MapViewController.swift */ = {isa = PBXFileReference; lastKnownFileType = sourcecode.swift; path = MapViewController.swift; sourceTree = "<group>"; };
		888776142B0EBD1D0018EB50 /* MapViewController.xib */ = {isa = PBXFileReference; lastKnownFileType = file.xib; path = MapViewController.xib; sourceTree = "<group>"; };
/* End PBXFileReference section */

/* Begin PBXFrameworksBuildPhase section */
		888775712B0D6E210018EB50 /* Frameworks */ = {
			isa = PBXFrameworksBuildPhase;
			buildActionMask = 2147483647;
			files = (
				458741EEA8585B85E554A0C2 /* Pods_Reto_Tenico_Jose_Quispe_R.framework in Frameworks */,
			);
			runOnlyForDeploymentPostprocessing = 0;
		};
		888775872B0D6E220018EB50 /* Frameworks */ = {
			isa = PBXFrameworksBuildPhase;
			buildActionMask = 2147483647;
			files = (
			);
			runOnlyForDeploymentPostprocessing = 0;
		};
		888775912B0D6E220018EB50 /* Frameworks */ = {
			isa = PBXFrameworksBuildPhase;
			buildActionMask = 2147483647;
			files = (
			);
			runOnlyForDeploymentPostprocessing = 0;
		};
/* End PBXFrameworksBuildPhase section */

/* Begin PBXGroup section */
		4481DA7CF0E99108B4217E25 /* Pods */ = {
			isa = PBXGroup;
			children = (
				12B9FA07C031DD769BB9A7C5 /* Pods-Reto_Tenico_Jose_Quispe_R.debug.xcconfig */,
				85CD6D4057C6729BB8EF0470 /* Pods-Reto_Tenico_Jose_Quispe_R.release.xcconfig */,
			);
			path = Pods;
			sourceTree = "<group>";
		};
		7D0FCD306AEC53BC5FD35CC7 /* Frameworks */ = {
			isa = PBXGroup;
			children = (
				4B5F4E8865AEF6BEF0697CDA /* Pods_Reto_Tenico_Jose_Quispe_R.framework */,
			);
			name = Frameworks;
			sourceTree = "<group>";
		};
		8887756B2B0D6E200018EB50 = {
			isa = PBXGroup;
			children = (
				888775762B0D6E210018EB50 /* Reto_Tenico_Jose_Quispe_R */,
				8887758D2B0D6E220018EB50 /* Reto_Tenico_Jose_Quispe_RTests */,
				888775972B0D6E220018EB50 /* Reto_Tenico_Jose_Quispe_RUITests */,
				888775752B0D6E210018EB50 /* Products */,
				4481DA7CF0E99108B4217E25 /* Pods */,
				7D0FCD306AEC53BC5FD35CC7 /* Frameworks */,
			);
			sourceTree = "<group>";
		};
		888775752B0D6E210018EB50 /* Products */ = {
			isa = PBXGroup;
			children = (
				888775742B0D6E210018EB50 /* Reto_Tenico_Jose_Quispe_R.app */,
				8887758A2B0D6E220018EB50 /* Reto_Tenico_Jose_Quispe_RTests.xctest */,
				888775942B0D6E220018EB50 /* Reto_Tenico_Jose_Quispe_RUITests.xctest */,
			);
			name = Products;
			sourceTree = "<group>";
		};
		888775762B0D6E210018EB50 /* Reto_Tenico_Jose_Quispe_R */ = {
			isa = PBXGroup;
			children = (
				888775C52B0D744E0018EB50 /* Resources */,
				888775C12B0D74310018EB50 /* Domain */,
				888775BE2B0D74150018EB50 /* Navigation */,
				888775B42B0D73ED0018EB50 /* NetworkLayer */,
				888775A92B0D719F0018EB50 /* MapScreen */,
				888775A82B0D71970018EB50 /* DetailScreen */,
				888775A72B0D718E0018EB50 /* HomeScreen */,
				888775772B0D6E210018EB50 /* AppDelegate.swift */,
				888775792B0D6E210018EB50 /* SceneDelegate.swift */,
				888775802B0D6E220018EB50 /* Assets.xcassets */,
				888775822B0D6E220018EB50 /* LaunchScreen.storyboard */,
				888775852B0D6E220018EB50 /* Info.plist */,
			);
			path = Reto_Tenico_Jose_Quispe_R;
			sourceTree = "<group>";
		};
		8887758D2B0D6E220018EB50 /* Reto_Tenico_Jose_Quispe_RTests */ = {
			isa = PBXGroup;
			children = (
				888775D32B0D7F020018EB50 /* HomeScreemTest */,
			);
			path = Reto_Tenico_Jose_Quispe_RTests;
			sourceTree = "<group>";
		};
		888775972B0D6E220018EB50 /* Reto_Tenico_Jose_Quispe_RUITests */ = {
			isa = PBXGroup;
			children = (
				888775982B0D6E220018EB50 /* Reto_Tenico_Jose_Quispe_RUITests.swift */,
				8887759A2B0D6E220018EB50 /* Reto_Tenico_Jose_Quispe_RUITestsLaunchTests.swift */,
			);
			path = Reto_Tenico_Jose_Quispe_RUITests;
			sourceTree = "<group>";
		};
		888775A72B0D718E0018EB50 /* HomeScreen */ = {
			isa = PBXGroup;
			children = (
				888775E42B0E6D4B0018EB50 /* Cell */,
				888775D62B0E6A470018EB50 /* HomeScreenViewController+View.swift */,
				888775E92B0E9F270018EB50 /* HomeScreemDelegate+Datasource.swift */,
				888775AA2B0D72DD0018EB50 /* HomeScreenViewController.swift */,
				888775AC2B0D72E50018EB50 /* HomeScreenPresenter.swift */,
				888775AE2B0D72EF0018EB50 /* HomeScreenRouter.swift */,
				888775B02B0D72F70018EB50 /* HomeScreenProtocols.swift */,
				888775B22B0D73010018EB50 /* HomeScreenInteractor.swift */,
			);
			path = HomeScreen;
			sourceTree = "<group>";
		};
		888775A82B0D71970018EB50 /* DetailScreen */ = {
			isa = PBXGroup;
			children = (
				888775FF2B0EB4A30018EB50 /* DetailInteractor.swift */,
				888775FB2B0EB4A30018EB50 /* DetailPresenter.swift */,
				888775FA2B0EB4A30018EB50 /* DetailProtocol.swift */,
				888775F92B0EB4A30018EB50 /* DetailRouter.swift */,
				888775FD2B0EB4A30018EB50 /* DetailViewController.swift */,
				888775FC2B0EB4A30018EB50 /* DetailViewController.xib */,
			);
			path = DetailScreen;
			sourceTree = "<group>";
		};
		888775A92B0D719F0018EB50 /* MapScreen */ = {
			isa = PBXGroup;
			children = (
				8887760B2B0EBC470018EB50 /* MapInteractor.swift */,
				8887760D2B0EBC4F0018EB50 /* MapPresenter.swift */,
				8887760F2B0EBC570018EB50 /* MapRouter.swift */,
				888776112B0EBC600018EB50 /* MapProtocols.swift */,
				888776132B0EBD1D0018EB50 /* MapViewController.swift */,
				888776142B0EBD1D0018EB50 /* MapViewController.xib */,
			);
			path = MapScreen;
			sourceTree = "<group>";
		};
		888775B42B0D73ED0018EB50 /* NetworkLayer */ = {
			isa = PBXGroup;
			children = (
				888775B52B0D73F60018EB50 /* WebService */,
			);
			path = NetworkLayer;
			sourceTree = "<group>";
		};
		888775B52B0D73F60018EB50 /* WebService */ = {
			isa = PBXGroup;
			children = (
				888775B62B0D73FF0018EB50 /* Endpoint.swift */,
				888775B72B0D73FF0018EB50 /* MovieNetwork.swift */,
				888775B92B0D73FF0018EB50 /* ServiceProtocols.swift */,
				888775B82B0D73FF0018EB50 /* WebService.swift */,
			);
			path = WebService;
			sourceTree = "<group>";
		};
		888775BE2B0D74150018EB50 /* Navigation */ = {
			isa = PBXGroup;
			children = (
				888775BF2B0D741E0018EB50 /* NavigationFactory.swift */,
			);
			path = Navigation;
			sourceTree = "<group>";
		};
		888775C12B0D74310018EB50 /* Domain */ = {
			isa = PBXGroup;
			children = (
				888775C22B0D743D0018EB50 /* Model */,
			);
			path = Domain;
			sourceTree = "<group>";
		};
		888775C22B0D743D0018EB50 /* Model */ = {
			isa = PBXGroup;
			children = (
				888775D12B0D7D260018EB50 /* Model.swift */,
			);
			path = Model;
			sourceTree = "<group>";
		};
		888775C52B0D744E0018EB50 /* Resources */ = {
			isa = PBXGroup;
			children = (
				888775D82B0E6A810018EB50 /* Utils */,
				888775CC2B0D74860018EB50 /* Extensions */,
				888775CB2B0D746C0018EB50 /* Constants */,
				888775C82B0D74620018EB50 /* RoundedDesignable */,
			);
			path = Resources;
			sourceTree = "<group>";
		};
		888775C82B0D74620018EB50 /* RoundedDesignable */ = {
			isa = PBXGroup;
			children = (
				888775C92B0D74690018EB50 /* RoundedButton.swift */,
			);
			path = RoundedDesignable;
			sourceTree = "<group>";
		};
		888775CB2B0D746C0018EB50 /* Constants */ = {
			isa = PBXGroup;
			children = (
				888775C62B0D74560018EB50 /* Constants.swift */,
			);
			path = Constants;
			sourceTree = "<group>";
		};
		888775CC2B0D74860018EB50 /* Extensions */ = {
			isa = PBXGroup;
			children = (
				888775CF2B0D75090018EB50 /* ActivityIndicator.swift */,
				888775CD2B0D748D0018EB50 /* Toast.swift */,
				888775E72B0E9BC70018EB50 /* TableCell.swift */,
			);
			path = Extensions;
			sourceTree = "<group>";
		};
		888775D32B0D7F020018EB50 /* HomeScreemTest */ = {
			isa = PBXGroup;
			children = (
				888775D42B0D7F710018EB50 /* UserListTest.swift */,
			);
			path = HomeScreemTest;
			sourceTree = "<group>";
		};
		888775D82B0E6A810018EB50 /* Utils */ = {
			isa = PBXGroup;
			children = (
				888775D92B0E6A930018EB50 /* Utils.swift */,
				888775E52B0E70CE0018EB50 /* UIView.swift */,
				888775EB2B0EA5450018EB50 /* Color.swift */,
			);
			path = Utils;
			sourceTree = "<group>";
		};
		888775E42B0E6D4B0018EB50 /* Cell */ = {
			isa = PBXGroup;
			children = (
				888775E02B0E6D400018EB50 /* HomeTableViewCell.swift */,
			);
			path = Cell;
			sourceTree = "<group>";
		};
/* End PBXGroup section */

/* Begin PBXNativeTarget section */
		888775732B0D6E210018EB50 /* Reto_Tenico_Jose_Quispe_R */ = {
			isa = PBXNativeTarget;
			buildConfigurationList = 8887759E2B0D6E220018EB50 /* Build configuration list for PBXNativeTarget "Reto_Tenico_Jose_Quispe_R" */;
			buildPhases = (
				E6AAA3EDD1D5B3B325F15834 /* [CP] Check Pods Manifest.lock */,
				888775702B0D6E210018EB50 /* Sources */,
				888775712B0D6E210018EB50 /* Frameworks */,
				888775722B0D6E210018EB50 /* Resources */,
				5A22A6938AF62130D656813F /* [CP] Embed Pods Frameworks */,
			);
			buildRules = (
			);
			dependencies = (
			);
			name = Reto_Tenico_Jose_Quispe_R;
			productName = Reto_Tenico_Jose_Quispe_R;
			productReference = 888775742B0D6E210018EB50 /* Reto_Tenico_Jose_Quispe_R.app */;
			productType = "com.apple.product-type.application";
		};
		888775892B0D6E220018EB50 /* Reto_Tenico_Jose_Quispe_RTests */ = {
			isa = PBXNativeTarget;
			buildConfigurationList = 888775A12B0D6E220018EB50 /* Build configuration list for PBXNativeTarget "Reto_Tenico_Jose_Quispe_RTests" */;
			buildPhases = (
				888775862B0D6E220018EB50 /* Sources */,
				888775872B0D6E220018EB50 /* Frameworks */,
				888775882B0D6E220018EB50 /* Resources */,
			);
			buildRules = (
			);
			dependencies = (
				8887758C2B0D6E220018EB50 /* PBXTargetDependency */,
			);
			name = Reto_Tenico_Jose_Quispe_RTests;
			productName = Reto_Tenico_Jose_Quispe_RTests;
			productReference = 8887758A2B0D6E220018EB50 /* Reto_Tenico_Jose_Quispe_RTests.xctest */;
			productType = "com.apple.product-type.bundle.unit-test";
		};
		888775932B0D6E220018EB50 /* Reto_Tenico_Jose_Quispe_RUITests */ = {
			isa = PBXNativeTarget;
			buildConfigurationList = 888775A42B0D6E220018EB50 /* Build configuration list for PBXNativeTarget "Reto_Tenico_Jose_Quispe_RUITests" */;
			buildPhases = (
				888775902B0D6E220018EB50 /* Sources */,
				888775912B0D6E220018EB50 /* Frameworks */,
				888775922B0D6E220018EB50 /* Resources */,
			);
			buildRules = (
			);
			dependencies = (
				888775962B0D6E220018EB50 /* PBXTargetDependency */,
			);
			name = Reto_Tenico_Jose_Quispe_RUITests;
			productName = Reto_Tenico_Jose_Quispe_RUITests;
			productReference = 888775942B0D6E220018EB50 /* Reto_Tenico_Jose_Quispe_RUITests.xctest */;
			productType = "com.apple.product-type.bundle.ui-testing";
		};
/* End PBXNativeTarget section */

/* Begin PBXProject section */
		8887756C2B0D6E200018EB50 /* Project object */ = {
			isa = PBXProject;
			attributes = {
				BuildIndependentTargetsInParallel = 1;
				LastSwiftUpdateCheck = 1500;
				LastUpgradeCheck = 1500;
				TargetAttributes = {
					888775732B0D6E210018EB50 = {
						CreatedOnToolsVersion = 15.0.1;
					};
					888775892B0D6E220018EB50 = {
						CreatedOnToolsVersion = 15.0.1;
						TestTargetID = 888775732B0D6E210018EB50;
					};
					888775932B0D6E220018EB50 = {
						CreatedOnToolsVersion = 15.0.1;
						TestTargetID = 888775732B0D6E210018EB50;
					};
				};
			};
			buildConfigurationList = 8887756F2B0D6E200018EB50 /* Build configuration list for PBXProject "Reto_Tenico_Jose_Quispe_R" */;
			compatibilityVersion = "Xcode 13.0";
			developmentRegion = en;
			hasScannedForEncodings = 0;
			knownRegions = (
				en,
				Base,
			);
			mainGroup = 8887756B2B0D6E200018EB50;
			productRefGroup = 888775752B0D6E210018EB50 /* Products */;
			projectDirPath = "";
			projectRoot = "";
			targets = (
				888775732B0D6E210018EB50 /* Reto_Tenico_Jose_Quispe_R */,
				888775892B0D6E220018EB50 /* Reto_Tenico_Jose_Quispe_RTests */,
				888775932B0D6E220018EB50 /* Reto_Tenico_Jose_Quispe_RUITests */,
			);
		};
/* End PBXProject section */

/* Begin PBXResourcesBuildPhase section */
		888775722B0D6E210018EB50 /* Resources */ = {
			isa = PBXResourcesBuildPhase;
			buildActionMask = 2147483647;
			files = (
				888775842B0D6E220018EB50 /* LaunchScreen.storyboard in Resources */,
				888776032B0EB4A30018EB50 /* DetailViewController.xib in Resources */,
				888776162B0EBD1D0018EB50 /* MapViewController.xib in Resources */,
				888775812B0D6E220018EB50 /* Assets.xcassets in Resources */,
			);
			runOnlyForDeploymentPostprocessing = 0;
		};
		888775882B0D6E220018EB50 /* Resources */ = {
			isa = PBXResourcesBuildPhase;
			buildActionMask = 2147483647;
			files = (
			);
			runOnlyForDeploymentPostprocessing = 0;
		};
		888775922B0D6E220018EB50 /* Resources */ = {
			isa = PBXResourcesBuildPhase;
			buildActionMask = 2147483647;
			files = (
			);
			runOnlyForDeploymentPostprocessing = 0;
		};
/* End PBXResourcesBuildPhase section */

/* Begin PBXShellScriptBuildPhase section */
		5A22A6938AF62130D656813F /* [CP] Embed Pods Frameworks */ = {
			isa = PBXShellScriptBuildPhase;
			buildActionMask = 2147483647;
			files = (
			);
			inputFileListPaths = (
				"${PODS_ROOT}/Target Support Files/Pods-Reto_Tenico_Jose_Quispe_R/Pods-Reto_Tenico_Jose_Quispe_R-frameworks-${CONFIGURATION}-input-files.xcfilelist",
			);
			name = "[CP] Embed Pods Frameworks";
			outputFileListPaths = (
				"${PODS_ROOT}/Target Support Files/Pods-Reto_Tenico_Jose_Quispe_R/Pods-Reto_Tenico_Jose_Quispe_R-frameworks-${CONFIGURATION}-output-files.xcfilelist",
			);
			runOnlyForDeploymentPostprocessing = 0;
			shellPath = /bin/sh;
			shellScript = "\"${PODS_ROOT}/Target Support Files/Pods-Reto_Tenico_Jose_Quispe_R/Pods-Reto_Tenico_Jose_Quispe_R-frameworks.sh\"\n";
			showEnvVarsInLog = 0;
		};
		E6AAA3EDD1D5B3B325F15834 /* [CP] Check Pods Manifest.lock */ = {
			isa = PBXShellScriptBuildPhase;
			buildActionMask = 2147483647;
			files = (
			);
			inputFileListPaths = (
			);
			inputPaths = (
				"${PODS_PODFILE_DIR_PATH}/Podfile.lock",
				"${PODS_ROOT}/Manifest.lock",
			);
			name = "[CP] Check Pods Manifest.lock";
			outputFileListPaths = (
			);
			outputPaths = (
				"$(DERIVED_FILE_DIR)/Pods-Reto_Tenico_Jose_Quispe_R-checkManifestLockResult.txt",
			);
			runOnlyForDeploymentPostprocessing = 0;
			shellPath = /bin/sh;
			shellScript = "diff \"${PODS_PODFILE_DIR_PATH}/Podfile.lock\" \"${PODS_ROOT}/Manifest.lock\" > /dev/null\nif [ $? != 0 ] ; then\n    # print error to STDERR\n    echo \"error: The sandbox is not in sync with the Podfile.lock. Run 'pod install' or update your CocoaPods installation.\" >&2\n    exit 1\nfi\n# This output is used by Xcode 'outputs' to avoid re-running this script phase.\necho \"SUCCESS\" > \"${SCRIPT_OUTPUT_FILE_0}\"\n";
			showEnvVarsInLog = 0;
		};
/* End PBXShellScriptBuildPhase section */

/* Begin PBXSourcesBuildPhase section */
		888775702B0D6E210018EB50 /* Sources */ = {
			isa = PBXSourcesBuildPhase;
			buildActionMask = 2147483647;
			files = (
				888776002B0EB4A30018EB50 /* DetailRouter.swift in Sources */,
				888775B32B0D73010018EB50 /* HomeScreenInteractor.swift in Sources */,
				888776022B0EB4A30018EB50 /* DetailPresenter.swift in Sources */,
				8887760E2B0EBC4F0018EB50 /* MapPresenter.swift in Sources */,
				888775CE2B0D748D0018EB50 /* Toast.swift in Sources */,
				888775CA2B0D74690018EB50 /* RoundedButton.swift in Sources */,
				888776012B0EB4A30018EB50 /* DetailProtocol.swift in Sources */,
				888775AF2B0D72EF0018EB50 /* HomeScreenRouter.swift in Sources */,
				888776102B0EBC570018EB50 /* MapRouter.swift in Sources */,
				888775BA2B0D73FF0018EB50 /* Endpoint.swift in Sources */,
				888775EC2B0EA5450018EB50 /* Color.swift in Sources */,
				888775BB2B0D73FF0018EB50 /* MovieNetwork.swift in Sources */,
				888775E62B0E70CE0018EB50 /* UIView.swift in Sources */,
				888776152B0EBD1D0018EB50 /* MapViewController.swift in Sources */,
				888775AB2B0D72DD0018EB50 /* HomeScreenViewController.swift in Sources */,
				888776122B0EBC600018EB50 /* MapProtocols.swift in Sources */,
				888775AD2B0D72E50018EB50 /* HomeScreenPresenter.swift in Sources */,
				888775782B0D6E210018EB50 /* AppDelegate.swift in Sources */,
				888775D22B0D7D270018EB50 /* Model.swift in Sources */,
				888775D72B0E6A470018EB50 /* HomeScreenViewController+View.swift in Sources */,
				8887757A2B0D6E210018EB50 /* SceneDelegate.swift in Sources */,
				888775BD2B0D73FF0018EB50 /* ServiceProtocols.swift in Sources */,
				8887760C2B0EBC470018EB50 /* MapInteractor.swift in Sources */,
				888775BC2B0D73FF0018EB50 /* WebService.swift in Sources */,
				888775E22B0E6D400018EB50 /* HomeTableViewCell.swift in Sources */,
				888775EA2B0E9F270018EB50 /* HomeScreemDelegate+Datasource.swift in Sources */,
				888776062B0EB4A30018EB50 /* DetailInteractor.swift in Sources */,
				888775E82B0E9BC70018EB50 /* TableCell.swift in Sources */,
				888775C72B0D74560018EB50 /* Constants.swift in Sources */,
				888775C02B0D741E0018EB50 /* NavigationFactory.swift in Sources */,
				888775B12B0D72F70018EB50 /* HomeScreenProtocols.swift in Sources */,
				888775DA2B0E6A930018EB50 /* Utils.swift in Sources */,
				888775D02B0D75090018EB50 /* ActivityIndicator.swift in Sources */,
				888776042B0EB4A30018EB50 /* DetailViewController.swift in Sources */,
			);
			runOnlyForDeploymentPostprocessing = 0;
		};
		888775862B0D6E220018EB50 /* Sources */ = {
			isa = PBXSourcesBuildPhase;
			buildActionMask = 2147483647;
			files = (
				888775D52B0D7F710018EB50 /* UserListTest.swift in Sources */,
			);
			runOnlyForDeploymentPostprocessing = 0;
		};
		888775902B0D6E220018EB50 /* Sources */ = {
			isa = PBXSourcesBuildPhase;
			buildActionMask = 2147483647;
			files = (
				888775992B0D6E220018EB50 /* Reto_Tenico_Jose_Quispe_RUITests.swift in Sources */,
				8887759B2B0D6E220018EB50 /* Reto_Tenico_Jose_Quispe_RUITestsLaunchTests.swift in Sources */,
			);
			runOnlyForDeploymentPostprocessing = 0;
		};
/* End PBXSourcesBuildPhase section */

/* Begin PBXTargetDependency section */
		8887758C2B0D6E220018EB50 /* PBXTargetDependency */ = {
			isa = PBXTargetDependency;
			target = 888775732B0D6E210018EB50 /* Reto_Tenico_Jose_Quispe_R */;
			targetProxy = 8887758B2B0D6E220018EB50 /* PBXContainerItemProxy */;
		};
		888775962B0D6E220018EB50 /* PBXTargetDependency */ = {
			isa = PBXTargetDependency;
			target = 888775732B0D6E210018EB50 /* Reto_Tenico_Jose_Quispe_R */;
			targetProxy = 888775952B0D6E220018EB50 /* PBXContainerItemProxy */;
		};
/* End PBXTargetDependency section */

/* Begin PBXVariantGroup section */
		888775822B0D6E220018EB50 /* LaunchScreen.storyboard */ = {
			isa = PBXVariantGroup;
			children = (
				888775832B0D6E220018EB50 /* Base */,
			);
			name = LaunchScreen.storyboard;
			sourceTree = "<group>";
		};
/* End PBXVariantGroup section */

/* Begin XCBuildConfiguration section */
		8887759C2B0D6E220018EB50 /* Debug */ = {
			isa = XCBuildConfiguration;
			buildSettings = {
				ALWAYS_SEARCH_USER_PATHS = NO;
				ASSETCATALOG_COMPILER_GENERATE_SWIFT_ASSET_SYMBOL_EXTENSIONS = YES;
				CLANG_ANALYZER_NONNULL = YES;
				CLANG_ANALYZER_NUMBER_OBJECT_CONVERSION = YES_AGGRESSIVE;
				CLANG_CXX_LANGUAGE_STANDARD = "gnu++20";
				CLANG_ENABLE_MODULES = YES;
				CLANG_ENABLE_OBJC_ARC = YES;
				CLANG_ENABLE_OBJC_WEAK = YES;
				CLANG_WARN_BLOCK_CAPTURE_AUTORELEASING = YES;
				CLANG_WARN_BOOL_CONVERSION = YES;
				CLANG_WARN_COMMA = YES;
				CLANG_WARN_CONSTANT_CONVERSION = YES;
				CLANG_WARN_DEPRECATED_OBJC_IMPLEMENTATIONS = YES;
				CLANG_WARN_DIRECT_OBJC_ISA_USAGE = YES_ERROR;
				CLANG_WARN_DOCUMENTATION_COMMENTS = YES;
				CLANG_WARN_EMPTY_BODY = YES;
				CLANG_WARN_ENUM_CONVERSION = YES;
				CLANG_WARN_INFINITE_RECURSION = YES;
				CLANG_WARN_INT_CONVERSION = YES;
				CLANG_WARN_NON_LITERAL_NULL_CONVERSION = YES;
				CLANG_WARN_OBJC_IMPLICIT_RETAIN_SELF = YES;
				CLANG_WARN_OBJC_LITERAL_CONVERSION = YES;
				CLANG_WARN_OBJC_ROOT_CLASS = YES_ERROR;
				CLANG_WARN_QUOTED_INCLUDE_IN_FRAMEWORK_HEADER = YES;
				CLANG_WARN_RANGE_LOOP_ANALYSIS = YES;
				CLANG_WARN_STRICT_PROTOTYPES = YES;
				CLANG_WARN_SUSPICIOUS_MOVE = YES;
				CLANG_WARN_UNGUARDED_AVAILABILITY = YES_AGGRESSIVE;
				CLANG_WARN_UNREACHABLE_CODE = YES;
				CLANG_WARN__DUPLICATE_METHOD_MATCH = YES;
				COPY_PHASE_STRIP = NO;
				DEBUG_INFORMATION_FORMAT = dwarf;
				ENABLE_STRICT_OBJC_MSGSEND = YES;
				ENABLE_TESTABILITY = YES;
				ENABLE_USER_SCRIPT_SANDBOXING = NO;
				GCC_C_LANGUAGE_STANDARD = gnu17;
				GCC_DYNAMIC_NO_PIC = NO;
				GCC_NO_COMMON_BLOCKS = YES;
				GCC_OPTIMIZATION_LEVEL = 0;
				GCC_PREPROCESSOR_DEFINITIONS = (
					"DEBUG=1",
					"$(inherited)",
				);
				GCC_WARN_64_TO_32_BIT_CONVERSION = YES;
				GCC_WARN_ABOUT_RETURN_TYPE = YES_ERROR;
				GCC_WARN_UNDECLARED_SELECTOR = YES;
				GCC_WARN_UNINITIALIZED_AUTOS = YES_AGGRESSIVE;
				GCC_WARN_UNUSED_FUNCTION = YES;
				GCC_WARN_UNUSED_VARIABLE = YES;
				IPHONEOS_DEPLOYMENT_TARGET = 17.0;
				LOCALIZATION_PREFERS_STRING_CATALOGS = YES;
				MTL_ENABLE_DEBUG_INFO = INCLUDE_SOURCE;
				MTL_FAST_MATH = YES;
				ONLY_ACTIVE_ARCH = YES;
				SDKROOT = iphoneos;
				SWIFT_ACTIVE_COMPILATION_CONDITIONS = "DEBUG $(inherited)";
				SWIFT_OPTIMIZATION_LEVEL = "-Onone";
			};
			name = Debug;
		};
		8887759D2B0D6E220018EB50 /* Release */ = {
			isa = XCBuildConfiguration;
			buildSettings = {
				ALWAYS_SEARCH_USER_PATHS = NO;
				ASSETCATALOG_COMPILER_GENERATE_SWIFT_ASSET_SYMBOL_EXTENSIONS = YES;
				CLANG_ANALYZER_NONNULL = YES;
				CLANG_ANALYZER_NUMBER_OBJECT_CONVERSION = YES_AGGRESSIVE;
				CLANG_CXX_LANGUAGE_STANDARD = "gnu++20";
				CLANG_ENABLE_MODULES = YES;
				CLANG_ENABLE_OBJC_ARC = YES;
				CLANG_ENABLE_OBJC_WEAK = YES;
				CLANG_WARN_BLOCK_CAPTURE_AUTORELEASING = YES;
				CLANG_WARN_BOOL_CONVERSION = YES;
				CLANG_WARN_COMMA = YES;
				CLANG_WARN_CONSTANT_CONVERSION = YES;
				CLANG_WARN_DEPRECATED_OBJC_IMPLEMENTATIONS = YES;
				CLANG_WARN_DIRECT_OBJC_ISA_USAGE = YES_ERROR;
				CLANG_WARN_DOCUMENTATION_COMMENTS = YES;
				CLANG_WARN_EMPTY_BODY = YES;
				CLANG_WARN_ENUM_CONVERSION = YES;
				CLANG_WARN_INFINITE_RECURSION = YES;
				CLANG_WARN_INT_CONVERSION = YES;
				CLANG_WARN_NON_LITERAL_NULL_CONVERSION = YES;
				CLANG_WARN_OBJC_IMPLICIT_RETAIN_SELF = YES;
				CLANG_WARN_OBJC_LITERAL_CONVERSION = YES;
				CLANG_WARN_OBJC_ROOT_CLASS = YES_ERROR;
				CLANG_WARN_QUOTED_INCLUDE_IN_FRAMEWORK_HEADER = YES;
				CLANG_WARN_RANGE_LOOP_ANALYSIS = YES;
				CLANG_WARN_STRICT_PROTOTYPES = YES;
				CLANG_WARN_SUSPICIOUS_MOVE = YES;
				CLANG_WARN_UNGUARDED_AVAILABILITY = YES_AGGRESSIVE;
				CLANG_WARN_UNREACHABLE_CODE = YES;
				CLANG_WARN__DUPLICATE_METHOD_MATCH = YES;
				COPY_PHASE_STRIP = NO;
				DEBUG_INFORMATION_FORMAT = "dwarf-with-dsym";
				ENABLE_NS_ASSERTIONS = NO;
				ENABLE_STRICT_OBJC_MSGSEND = YES;
				ENABLE_USER_SCRIPT_SANDBOXING = NO;
				GCC_C_LANGUAGE_STANDARD = gnu17;
				GCC_NO_COMMON_BLOCKS = YES;
				GCC_WARN_64_TO_32_BIT_CONVERSION = YES;
				GCC_WARN_ABOUT_RETURN_TYPE = YES_ERROR;
				GCC_WARN_UNDECLARED_SELECTOR = YES;
				GCC_WARN_UNINITIALIZED_AUTOS = YES_AGGRESSIVE;
				GCC_WARN_UNUSED_FUNCTION = YES;
				GCC_WARN_UNUSED_VARIABLE = YES;
				IPHONEOS_DEPLOYMENT_TARGET = 17.0;
				LOCALIZATION_PREFERS_STRING_CATALOGS = YES;
				MTL_ENABLE_DEBUG_INFO = NO;
				MTL_FAST_MATH = YES;
				SDKROOT = iphoneos;
				SWIFT_COMPILATION_MODE = wholemodule;
				VALIDATE_PRODUCT = YES;
			};
			name = Release;
		};
		8887759F2B0D6E220018EB50 /* Debug */ = {
			isa = XCBuildConfiguration;
			baseConfigurationReference = 12B9FA07C031DD769BB9A7C5 /* Pods-Reto_Tenico_Jose_Quispe_R.debug.xcconfig */;
			buildSettings = {
				ASSETCATALOG_COMPILER_APPICON_NAME = AppIcon;
				ASSETCATALOG_COMPILER_GLOBAL_ACCENT_COLOR_NAME = AccentColor;
				CODE_SIGN_STYLE = Automatic;
				CURRENT_PROJECT_VERSION = 1;
				GENERATE_INFOPLIST_FILE = YES;
				INFOPLIST_FILE = Reto_Tenico_Jose_Quispe_R/Info.plist;
				INFOPLIST_KEY_UIApplicationSupportsIndirectInputEvents = YES;
				INFOPLIST_KEY_UILaunchStoryboardName = LaunchScreen;
				INFOPLIST_KEY_UIMainStoryboardFile = "";
				INFOPLIST_KEY_UISupportedInterfaceOrientations_iPad = "UIInterfaceOrientationPortrait UIInterfaceOrientationPortraitUpsideDown UIInterfaceOrientationLandscapeLeft UIInterfaceOrientationLandscapeRight";
				INFOPLIST_KEY_UISupportedInterfaceOrientations_iPhone = "UIInterfaceOrientationPortrait UIInterfaceOrientationLandscapeLeft UIInterfaceOrientationLandscapeRight";
				IPHONEOS_DEPLOYMENT_TARGET = 13.0;
				LD_RUNPATH_SEARCH_PATHS = (
					"$(inherited)",
					"@executable_path/Frameworks",
				);
				MARKETING_VERSION = 1.0;
				PRODUCT_BUNDLE_IDENTIFIER = "rodri.Reto-Tenico-Jose-Quispe-R";
				PRODUCT_NAME = "$(TARGET_NAME)";
				SWIFT_EMIT_LOC_STRINGS = YES;
				SWIFT_VERSION = 5.0;
				TARGETED_DEVICE_FAMILY = "1,2";
			};
			name = Debug;
		};
		888775A02B0D6E220018EB50 /* Release */ = {
			isa = XCBuildConfiguration;
			baseConfigurationReference = 85CD6D4057C6729BB8EF0470 /* Pods-Reto_Tenico_Jose_Quispe_R.release.xcconfig */;
			buildSettings = {
				ASSETCATALOG_COMPILER_APPICON_NAME = AppIcon;
				ASSETCATALOG_COMPILER_GLOBAL_ACCENT_COLOR_NAME = AccentColor;
				CODE_SIGN_STYLE = Automatic;
				CURRENT_PROJECT_VERSION = 1;
				GENERATE_INFOPLIST_FILE = YES;
				INFOPLIST_FILE = Reto_Tenico_Jose_Quispe_R/Info.plist;
				INFOPLIST_KEY_UIApplicationSupportsIndirectInputEvents = YES;
				INFOPLIST_KEY_UILaunchStoryboardName = LaunchScreen;
				INFOPLIST_KEY_UIMainStoryboardFile = "";
				INFOPLIST_KEY_UISupportedInterfaceOrientations_iPad = "UIInterfaceOrientationPortrait UIInterfaceOrientationPortraitUpsideDown UIInterfaceOrientationLandscapeLeft UIInterfaceOrientationLandscapeRight";
				INFOPLIST_KEY_UISupportedInterfaceOrientations_iPhone = "UIInterfaceOrientationPortrait UIInterfaceOrientationLandscapeLeft UIInterfaceOrientationLandscapeRight";
				IPHONEOS_DEPLOYMENT_TARGET = 13.0;
				LD_RUNPATH_SEARCH_PATHS = (
					"$(inherited)",
					"@executable_path/Frameworks",
				);
				MARKETING_VERSION = 1.0;
				PRODUCT_BUNDLE_IDENTIFIER = "rodri.Reto-Tenico-Jose-Quispe-R";
				PRODUCT_NAME = "$(TARGET_NAME)";
				SWIFT_EMIT_LOC_STRINGS = YES;
				SWIFT_VERSION = 5.0;
				TARGETED_DEVICE_FAMILY = "1,2";
			};
			name = Release;
		};
		888775A22B0D6E220018EB50 /* Debug */ = {
			isa = XCBuildConfiguration;
			buildSettings = {
				ALWAYS_EMBED_SWIFT_STANDARD_LIBRARIES = YES;
				BUNDLE_LOADER = "$(TEST_HOST)";
				CODE_SIGN_STYLE = Automatic;
				CURRENT_PROJECT_VERSION = 1;
				GENERATE_INFOPLIST_FILE = YES;
				IPHONEOS_DEPLOYMENT_TARGET = 17.0;
				MARKETING_VERSION = 1.0;
				PRODUCT_BUNDLE_IDENTIFIER = "rodri.Reto-Tenico-Jose-Quispe-RTests";
				PRODUCT_NAME = "$(TARGET_NAME)";
				SWIFT_EMIT_LOC_STRINGS = NO;
				SWIFT_VERSION = 5.0;
				TARGETED_DEVICE_FAMILY = "1,2";
				TEST_HOST = "$(BUILT_PRODUCTS_DIR)/Reto_Tenico_Jose_Quispe_R.app/$(BUNDLE_EXECUTABLE_FOLDER_PATH)/Reto_Tenico_Jose_Quispe_R";
			};
			name = Debug;
		};
		888775A32B0D6E220018EB50 /* Release */ = {
			isa = XCBuildConfiguration;
			buildSettings = {
				ALWAYS_EMBED_SWIFT_STANDARD_LIBRARIES = YES;
				BUNDLE_LOADER = "$(TEST_HOST)";
				CODE_SIGN_STYLE = Automatic;
				CURRENT_PROJECT_VERSION = 1;
				GENERATE_INFOPLIST_FILE = YES;
				IPHONEOS_DEPLOYMENT_TARGET = 17.0;
				MARKETING_VERSION = 1.0;
				PRODUCT_BUNDLE_IDENTIFIER = "rodri.Reto-Tenico-Jose-Quispe-RTests";
				PRODUCT_NAME = "$(TARGET_NAME)";
				SWIFT_EMIT_LOC_STRINGS = NO;
				SWIFT_VERSION = 5.0;
				TARGETED_DEVICE_FAMILY = "1,2";
				TEST_HOST = "$(BUILT_PRODUCTS_DIR)/Reto_Tenico_Jose_Quispe_R.app/$(BUNDLE_EXECUTABLE_FOLDER_PATH)/Reto_Tenico_Jose_Quispe_R";
			};
			name = Release;
		};
		888775A52B0D6E220018EB50 /* Debug */ = {
			isa = XCBuildConfiguration;
			buildSettings = {
				ALWAYS_EMBED_SWIFT_STANDARD_LIBRARIES = YES;
				CODE_SIGN_STYLE = Automatic;
				CURRENT_PROJECT_VERSION = 1;
				GENERATE_INFOPLIST_FILE = YES;
				MARKETING_VERSION = 1.0;
				PRODUCT_BUNDLE_IDENTIFIER = "rodri.Reto-Tenico-Jose-Quispe-RUITests";
				PRODUCT_NAME = "$(TARGET_NAME)";
				SWIFT_EMIT_LOC_STRINGS = NO;
				SWIFT_VERSION = 5.0;
				TARGETED_DEVICE_FAMILY = "1,2";
				TEST_TARGET_NAME = Reto_Tenico_Jose_Quispe_R;
			};
			name = Debug;
		};
		888775A62B0D6E220018EB50 /* Release */ = {
			isa = XCBuildConfiguration;
			buildSettings = {
				ALWAYS_EMBED_SWIFT_STANDARD_LIBRARIES = YES;
				CODE_SIGN_STYLE = Automatic;
				CURRENT_PROJECT_VERSION = 1;
				GENERATE_INFOPLIST_FILE = YES;
				MARKETING_VERSION = 1.0;
				PRODUCT_BUNDLE_IDENTIFIER = "rodri.Reto-Tenico-Jose-Quispe-RUITests";
				PRODUCT_NAME = "$(TARGET_NAME)";
				SWIFT_EMIT_LOC_STRINGS = NO;
				SWIFT_VERSION = 5.0;
				TARGETED_DEVICE_FAMILY = "1,2";
				TEST_TARGET_NAME = Reto_Tenico_Jose_Quispe_R;
			};
			name = Release;
		};
/* End XCBuildConfiguration section */

/* Begin XCConfigurationList section */
		8887756F2B0D6E200018EB50 /* Build configuration list for PBXProject "Reto_Tenico_Jose_Quispe_R" */ = {
			isa = XCConfigurationList;
			buildConfigurations = (
				8887759C2B0D6E220018EB50 /* Debug */,
				8887759D2B0D6E220018EB50 /* Release */,
			);
			defaultConfigurationIsVisible = 0;
			defaultConfigurationName = Release;
		};
		8887759E2B0D6E220018EB50 /* Build configuration list for PBXNativeTarget "Reto_Tenico_Jose_Quispe_R" */ = {
			isa = XCConfigurationList;
			buildConfigurations = (
				8887759F2B0D6E220018EB50 /* Debug */,
				888775A02B0D6E220018EB50 /* Release */,
			);
			defaultConfigurationIsVisible = 0;
			defaultConfigurationName = Release;
		};
		888775A12B0D6E220018EB50 /* Build configuration list for PBXNativeTarget "Reto_Tenico_Jose_Quispe_RTests" */ = {
			isa = XCConfigurationList;
			buildConfigurations = (
				888775A22B0D6E220018EB50 /* Debug */,
				888775A32B0D6E220018EB50 /* Release */,
			);
			defaultConfigurationIsVisible = 0;
			defaultConfigurationName = Release;
		};
		888775A42B0D6E220018EB50 /* Build configuration list for PBXNativeTarget "Reto_Tenico_Jose_Quispe_RUITests" */ = {
			isa = XCConfigurationList;
			buildConfigurations = (
				888775A52B0D6E220018EB50 /* Debug */,
				888775A62B0D6E220018EB50 /* Release */,
			);
			defaultConfigurationIsVisible = 0;
			defaultConfigurationName = Release;
		};
/* End XCConfigurationList section */
	};
	rootObject = 8887756C2B0D6E200018EB50 /* Project object */;
}
